github.com/nusserstudios/tailbliss v0.0.0-20241102185753-f4db22988331 h1:wwq4Mn8ES9fuuDuX1XGhhSFR/Fe+CSoezRS1ldiF5vU=
github.com/nusserstudios/tailbliss v0.0.0-20241102185753-f4db22988331/go.mod h1:M3j6IqtQdtuI00xn0zi+RGcva3zJtzrMbk15nJaZJCU=
github.com/yihui/hugo-xmin v0.0.0-20250124184326-9a42033486b4 h1:PFzgcUxR3O/W/amb+CuMDnKlKvHthOg3qs157sWPiug=
github.com/yihui/hugo-xmin v0.0.0-20250124184326-9a42033486b4/go.mod h1:RiCR4psTF4iydlh4bR9BijKIHmivp7IeBaokx0CvzRA=
